
Microsoft Visual Studio Solution File, Format Version 12.00
# Visual Studio Version 16
VisualStudioVersion = 16.0.33214.272
MinimumVisualStudioVersion = 10.0.40219.1
Project("{FAE04EC0-301F-11D3-BF4B-00C04F79EFBC}") = "Dinamik Cv", "Dinamik Cv\Dinamik Cv.csproj", "{F750D7E7-414F-4AD0-B0DF-7E7E4363BD81}"
EndProject
Global
	GlobalSection(SolutionConfigurationPlatforms) = preSolution
		Debug|Any CPU = Debug|Any CPU
		Release|Any CPU = Release|Any CPU
	EndGlobalSection
	GlobalSection(ProjectConfigurationPlatforms) = postSolution
		{F750D7E7-414F-4AD0-B0DF-7E7E4363BD81}.Debug|Any CPU.ActiveCfg = Debug|Any CPU
		{F750D7E7-414F-4AD0-B0DF-7E7E4363BD81}.Debug|Any CPU.Build.0 = Debug|Any CPU
		{F750D7E7-414F-4AD0-B0DF-7E7E4363BD81}.Release|Any CPU.ActiveCfg = Release|Any CPU
		{F750D7E7-414F-4AD0-B0DF-7E7E4363BD81}.Release|Any CPU.Build.0 = Release|Any CPU
	EndGlobalSection
	GlobalSection(SolutionProperties) = preSolution
		HideSolutionNode = FALSE
	EndGlobalSection
	GlobalSection(ExtensibilityGlobals) = postSolution
		SolutionGuid = {20490C34-B496-40AC-AFA2-2BB3D62B0C8A}
	EndGlobalSection
EndGlobal
